
Microsoft Visual Studio Solution File, Format Version 12.00
# Visual Studio Version 16
VisualStudioVersion = 16.0.31829.152
MinimumVisualStudioVersion = 10.0.40219.1
Project("{FAE04EC0-301F-11D3-BF4B-00C04F79EFBC}") = "Lavoro con Alex", "Lavoro con Alex\Lavoro con Alex.csproj", "{8629303B-A6CF-43CD-89BD-9FA6F6102F22}"
EndProject
Global
	GlobalSection(SolutionConfigurationPlatforms) = preSolution
		Debug|Any CPU = Debug|Any CPU
		Release|Any CPU = Release|Any CPU
	EndGlobalSection
	GlobalSection(ProjectConfigurationPlatforms) = postSolution
		{8629303B-A6CF-43CD-89BD-9FA6F6102F22}.Debug|Any CPU.ActiveCfg = Debug|Any CPU
		{8629303B-A6CF-43CD-89BD-9FA6F6102F22}.Debug|Any CPU.Build.0 = Debug|Any CPU
		{8629303B-A6CF-43CD-89BD-9FA6F6102F22}.Release|Any CPU.ActiveCfg = Release|Any CPU
		{8629303B-A6CF-43CD-89BD-9FA6F6102F22}.Release|Any CPU.Build.0 = Release|Any CPU
	EndGlobalSection
	GlobalSection(SolutionProperties) = preSolution
		HideSolutionNode = FALSE
	EndGlobalSection
	GlobalSection(ExtensibilityGlobals) = postSolution
		SolutionGuid = {F98BCC7D-224F-4C66-9275-ACB57D85F062}
	EndGlobalSection
EndGlobal
